
Microsoft Visual Studio Solution File, Format Version 12.00
# Visual Studio 15
Project("{FAE04EC0-301F-11D3-BF4B-00C04F79EFBC}") = "Logica-23-04-2020", "Logica-23-04-2020\Logica-23-04-2020.csproj", "{FC094ABF-E482-442A-A9DE-3DF4A5309DC3}"
EndProject
Global
	GlobalSection(SolutionConfigurationPlatforms) = preSolution
		Debug|Any CPU = Debug|Any CPU
		Release|Any CPU = Release|Any CPU
	EndGlobalSection
	GlobalSection(ProjectConfigurationPlatforms) = postSolution
		{FC094ABF-E482-442A-A9DE-3DF4A5309DC3}.Debug|Any CPU.ActiveCfg = Debug|Any CPU
		{FC094ABF-E482-442A-A9DE-3DF4A5309DC3}.Debug|Any CPU.Build.0 = Debug|Any CPU
		{FC094ABF-E482-442A-A9DE-3DF4A5309DC3}.Release|Any CPU.ActiveCfg = Release|Any CPU
		{FC094ABF-E482-442A-A9DE-3DF4A5309DC3}.Release|Any CPU.Build.0 = Release|Any CPU
	EndGlobalSection
EndGlobal
